
Microsoft Visual Studio Solution File, Format Version 12.00
# Visual Studio Version 16
VisualStudioVersion = 16.0.33927.289
MinimumVisualStudioVersion = 10.0.40219.1
Project("{FAE04EC0-301F-11D3-BF4B-00C04F79EFBC}") = "FirstEnum", "FirstEnum\FirstEnum.csproj", "{E96E9D4C-8894-43A3-8CD0-E5EA7FFDCE50}"
EndProject
Global
	GlobalSection(SolutionConfigurationPlatforms) = preSolution
		Debug|Any CPU = Debug|Any CPU
		Release|Any CPU = Release|Any CPU
	EndGlobalSection
	GlobalSection(ProjectConfigurationPlatforms) = postSolution
		{E96E9D4C-8894-43A3-8CD0-E5EA7FFDCE50}.Debug|Any CPU.ActiveCfg = Debug|Any CPU
		{E96E9D4C-8894-43A3-8CD0-E5EA7FFDCE50}.Debug|Any CPU.Build.0 = Debug|Any CPU
		{E96E9D4C-8894-43A3-8CD0-E5EA7FFDCE50}.Release|Any CPU.ActiveCfg = Release|Any CPU
		{E96E9D4C-8894-43A3-8CD0-E5EA7FFDCE50}.Release|Any CPU.Build.0 = Release|Any CPU
	EndGlobalSection
	GlobalSection(SolutionProperties) = preSolution
		HideSolutionNode = FALSE
	EndGlobalSection
	GlobalSection(ExtensibilityGlobals) = postSolution
		SolutionGuid = {B0A18307-0C22-44CB-99D6-6C3D7B98FB9A}
	EndGlobalSection
EndGlobal
