
Microsoft Visual Studio Solution File, Format Version 12.00
# Visual Studio Version 17
VisualStudioVersion = 17.9.34616.47
MinimumVisualStudioVersion = 10.0.40219.1
Project("{FAE04EC0-301F-11D3-BF4B-00C04F79EFBC}") = "dynamic_picture_adder", "dynamic_picture_adder.csproj", "{B5102B42-4814-4689-97FA-90D2C3010133}"
EndProject
Global
	GlobalSection(SolutionConfigurationPlatforms) = preSolution
		Debug|Any CPU = Debug|Any CPU
		Release|Any CPU = Release|Any CPU
	EndGlobalSection
	GlobalSection(ProjectConfigurationPlatforms) = postSolution
		{B5102B42-4814-4689-97FA-90D2C3010133}.Debug|Any CPU.ActiveCfg = Debug|Any CPU
		{B5102B42-4814-4689-97FA-90D2C3010133}.Debug|Any CPU.Build.0 = Debug|Any CPU
		{B5102B42-4814-4689-97FA-90D2C3010133}.Debug|Any CPU.Deploy.0 = Debug|Any CPU
		{B5102B42-4814-4689-97FA-90D2C3010133}.Release|Any CPU.ActiveCfg = Release|Any CPU
		{B5102B42-4814-4689-97FA-90D2C3010133}.Release|Any CPU.Build.0 = Release|Any CPU
		{B5102B42-4814-4689-97FA-90D2C3010133}.Release|Any CPU.Deploy.0 = Release|Any CPU
	EndGlobalSection
	GlobalSection(SolutionProperties) = preSolution
		HideSolutionNode = FALSE
	EndGlobalSection
	GlobalSection(ExtensibilityGlobals) = postSolution
		SolutionGuid = {88364C81-44F1-48AA-A6D4-5AD14C6D5FCB}
	EndGlobalSection
EndGlobal
