
Microsoft Visual Studio Solution File, Format Version 12.00
# Visual Studio Version 16
VisualStudioVersion = 16.0.33927.289
MinimumVisualStudioVersion = 10.0.40219.1
Project("{FAE04EC0-301F-11D3-BF4B-00C04F79EFBC}") = "MyFirstApp", "MyFirstApp\MyFirstApp.csproj", "{E130947F-C5D7-4835-A8FC-B659354E32BE}"
EndProject
Global
	GlobalSection(SolutionConfigurationPlatforms) = preSolution
		Debug|Any CPU = Debug|Any CPU
		Release|Any CPU = Release|Any CPU
	EndGlobalSection
	GlobalSection(ProjectConfigurationPlatforms) = postSolution
		{E130947F-C5D7-4835-A8FC-B659354E32BE}.Debug|Any CPU.ActiveCfg = Debug|Any CPU
		{E130947F-C5D7-4835-A8FC-B659354E32BE}.Debug|Any CPU.Build.0 = Debug|Any CPU
		{E130947F-C5D7-4835-A8FC-B659354E32BE}.Debug|Any CPU.Deploy.0 = Debug|Any CPU
		{E130947F-C5D7-4835-A8FC-B659354E32BE}.Release|Any CPU.ActiveCfg = Release|Any CPU
		{E130947F-C5D7-4835-A8FC-B659354E32BE}.Release|Any CPU.Build.0 = Release|Any CPU
		{E130947F-C5D7-4835-A8FC-B659354E32BE}.Release|Any CPU.Deploy.0 = Release|Any CPU
	EndGlobalSection
	GlobalSection(SolutionProperties) = preSolution
		HideSolutionNode = FALSE
	EndGlobalSection
	GlobalSection(ExtensibilityGlobals) = postSolution
		SolutionGuid = {437A2DBA-CF87-481E-B881-9715D4278783}
	EndGlobalSection
EndGlobal
