
Microsoft Visual Studio Solution File, Format Version 12.00
# Visual Studio Version 16
VisualStudioVersion = 16.0.32602.291
MinimumVisualStudioVersion = 10.0.40219.1
Project("{FAE04EC0-301F-11D3-BF4B-00C04F79EFBC}") = "TicTacToeClass", "TicTacToeClass.csproj", "{ECDE8080-5CEB-4496-9253-309880EA619C}"
EndProject
Global
	GlobalSection(SolutionConfigurationPlatforms) = preSolution
		Debug|Any CPU = Debug|Any CPU
		Release|Any CPU = Release|Any CPU
	EndGlobalSection
	GlobalSection(ProjectConfigurationPlatforms) = postSolution
		{ECDE8080-5CEB-4496-9253-309880EA619C}.Debug|Any CPU.ActiveCfg = Debug|Any CPU
		{ECDE8080-5CEB-4496-9253-309880EA619C}.Debug|Any CPU.Build.0 = Debug|Any CPU
		{ECDE8080-5CEB-4496-9253-309880EA619C}.Release|Any CPU.ActiveCfg = Release|Any CPU
		{ECDE8080-5CEB-4496-9253-309880EA619C}.Release|Any CPU.Build.0 = Release|Any CPU
	EndGlobalSection
	GlobalSection(SolutionProperties) = preSolution
		HideSolutionNode = FALSE
	EndGlobalSection
	GlobalSection(ExtensibilityGlobals) = postSolution
		SolutionGuid = {10C0F79F-82F8-4266-9CFE-27ADD359CC4B}
	EndGlobalSection
EndGlobal
